
Microsoft Visual Studio Solution File, Format Version 12.00
# Visual Studio Version 17
VisualStudioVersion = 17.7.34024.191
MinimumVisualStudioVersion = 10.0.40219.1
Project("{9A19103F-16F7-4668-BE54-9A1E7A4F7556}") = "MarketingAds", "MarketingAds\MarketingAds.csproj", "{FF7002AB-DEE2-4C22-A36A-101AA4A17C69}"
EndProject
Project("{9A19103F-16F7-4668-BE54-9A1E7A4F7556}") = "MarketingAdsApi", "MarketingAdsApi\MarketingAdsApi.csproj", "{2A9F6CE7-B384-45BE-893A-F76D6FD8B2F4}"
EndProject
Project("{9A19103F-16F7-4668-BE54-9A1E7A4F7556}") = "MarketingAdsLibrary", "MarketingAdsLibrary\MarketingAdsLibrary.csproj", "{ACFCCB72-08B1-4E0D-9D9B-A19E177325DE}"
EndProject
Project("{9A19103F-16F7-4668-BE54-9A1E7A4F7556}") = "MarketingClientSide", "MarketingClientSide\MarketingClientSide.csproj", "{1CDC4116-F7AA-4ECB-AF33-040AAD67FBD6}"
EndProject
Global
	GlobalSection(SolutionConfigurationPlatforms) = preSolution
		Debug|Any CPU = Debug|Any CPU
		Release|Any CPU = Release|Any CPU
	EndGlobalSection
	GlobalSection(ProjectConfigurationPlatforms) = postSolution
		{FF7002AB-DEE2-4C22-A36A-101AA4A17C69}.Debug|Any CPU.ActiveCfg = Debug|Any CPU
		{FF7002AB-DEE2-4C22-A36A-101AA4A17C69}.Debug|Any CPU.Build.0 = Debug|Any CPU
		{FF7002AB-DEE2-4C22-A36A-101AA4A17C69}.Release|Any CPU.ActiveCfg = Release|Any CPU
		{FF7002AB-DEE2-4C22-A36A-101AA4A17C69}.Release|Any CPU.Build.0 = Release|Any CPU
		{2A9F6CE7-B384-45BE-893A-F76D6FD8B2F4}.Debug|Any CPU.ActiveCfg = Debug|Any CPU
		{2A9F6CE7-B384-45BE-893A-F76D6FD8B2F4}.Debug|Any CPU.Build.0 = Debug|Any CPU
		{2A9F6CE7-B384-45BE-893A-F76D6FD8B2F4}.Release|Any CPU.ActiveCfg = Release|Any CPU
		{2A9F6CE7-B384-45BE-893A-F76D6FD8B2F4}.Release|Any CPU.Build.0 = Release|Any CPU
		{ACFCCB72-08B1-4E0D-9D9B-A19E177325DE}.Debug|Any CPU.ActiveCfg = Debug|Any CPU
		{ACFCCB72-08B1-4E0D-9D9B-A19E177325DE}.Debug|Any CPU.Build.0 = Debug|Any CPU
		{ACFCCB72-08B1-4E0D-9D9B-A19E177325DE}.Release|Any CPU.ActiveCfg = Release|Any CPU
		{ACFCCB72-08B1-4E0D-9D9B-A19E177325DE}.Release|Any CPU.Build.0 = Release|Any CPU
		{1CDC4116-F7AA-4ECB-AF33-040AAD67FBD6}.Debug|Any CPU.ActiveCfg = Debug|Any CPU
		{1CDC4116-F7AA-4ECB-AF33-040AAD67FBD6}.Debug|Any CPU.Build.0 = Debug|Any CPU
		{1CDC4116-F7AA-4ECB-AF33-040AAD67FBD6}.Release|Any CPU.ActiveCfg = Release|Any CPU
		{1CDC4116-F7AA-4ECB-AF33-040AAD67FBD6}.Release|Any CPU.Build.0 = Release|Any CPU
	EndGlobalSection
	GlobalSection(SolutionProperties) = preSolution
		HideSolutionNode = FALSE
	EndGlobalSection
	GlobalSection(ExtensibilityGlobals) = postSolution
		SolutionGuid = {03D1729E-FE3E-4555-B111-594BFCE833E2}
	EndGlobalSection
EndGlobal
